
Microsoft Visual Studio Solution File, Format Version 12.00
# Visual Studio Version 17
VisualStudioVersion = 17.2.32616.157
MinimumVisualStudioVersion = 10.0.40219.1
Project("{FAE04EC0-301F-11D3-BF4B-00C04F79EFBC}") = "DeliveryManagement", "DeliveryManagement\DeliveryManagement.csproj", "{2D60F3E4-C95E-44C6-B824-9D8809FF4877}"
EndProject
Global
	GlobalSection(SolutionConfigurationPlatforms) = preSolution
		Debug|Any CPU = Debug|Any CPU
		Release|Any CPU = Release|Any CPU
	EndGlobalSection
	GlobalSection(ProjectConfigurationPlatforms) = postSolution
		{2D60F3E4-C95E-44C6-B824-9D8809FF4877}.Debug|Any CPU.ActiveCfg = Debug|Any CPU
		{2D60F3E4-C95E-44C6-B824-9D8809FF4877}.Debug|Any CPU.Build.0 = Debug|Any CPU
		{2D60F3E4-C95E-44C6-B824-9D8809FF4877}.Release|Any CPU.ActiveCfg = Release|Any CPU
		{2D60F3E4-C95E-44C6-B824-9D8809FF4877}.Release|Any CPU.Build.0 = Release|Any CPU
	EndGlobalSection
	GlobalSection(SolutionProperties) = preSolution
		HideSolutionNode = FALSE
	EndGlobalSection
	GlobalSection(ExtensibilityGlobals) = postSolution
		SolutionGuid = {2FDD4E9E-3677-422E-8E2E-8F0787C46305}
	EndGlobalSection
EndGlobal
